
Microsoft Visual Studio Solution File, Format Version 12.00
# Visual Studio 15
VisualStudioVersion = 15.0.27428.2015
MinimumVisualStudioVersion = 10.0.40219.1
Project("{FAE04EC0-301F-11D3-BF4B-00C04F79EFBC}") = "PageObjects", "PageObjects\PageObjects.csproj", "{F54EB642-12DE-48B0-82D2-CEC01EB2A9D9}"
EndProject
Project("{FAE04EC0-301F-11D3-BF4B-00C04F79EFBC}") = "Tests", "Tests\Tests.csproj", "{5B15D487-860E-4021-B22F-F5839A595565}"
EndProject
Project("{FAE04EC0-301F-11D3-BF4B-00C04F79EFBC}") = "Common", "Common\Common.csproj", "{35748A43-80C2-4195-A1B7-765A893E16D6}"
EndProject
Global
	GlobalSection(SolutionConfigurationPlatforms) = preSolution
		Debug|Any CPU = Debug|Any CPU
		Release|Any CPU = Release|Any CPU
	EndGlobalSection
	GlobalSection(ProjectConfigurationPlatforms) = postSolution
		{F54EB642-12DE-48B0-82D2-CEC01EB2A9D9}.Debug|Any CPU.ActiveCfg = Debug|Any CPU
		{F54EB642-12DE-48B0-82D2-CEC01EB2A9D9}.Debug|Any CPU.Build.0 = Debug|Any CPU
		{F54EB642-12DE-48B0-82D2-CEC01EB2A9D9}.Release|Any CPU.ActiveCfg = Release|Any CPU
		{F54EB642-12DE-48B0-82D2-CEC01EB2A9D9}.Release|Any CPU.Build.0 = Release|Any CPU
		{5B15D487-860E-4021-B22F-F5839A595565}.Debug|Any CPU.ActiveCfg = Debug|Any CPU
		{5B15D487-860E-4021-B22F-F5839A595565}.Debug|Any CPU.Build.0 = Debug|Any CPU
		{5B15D487-860E-4021-B22F-F5839A595565}.Release|Any CPU.ActiveCfg = Release|Any CPU
		{5B15D487-860E-4021-B22F-F5839A595565}.Release|Any CPU.Build.0 = Release|Any CPU
		{35748A43-80C2-4195-A1B7-765A893E16D6}.Debug|Any CPU.ActiveCfg = Debug|Any CPU
		{35748A43-80C2-4195-A1B7-765A893E16D6}.Debug|Any CPU.Build.0 = Debug|Any CPU
		{35748A43-80C2-4195-A1B7-765A893E16D6}.Release|Any CPU.ActiveCfg = Release|Any CPU
		{35748A43-80C2-4195-A1B7-765A893E16D6}.Release|Any CPU.Build.0 = Release|Any CPU
	EndGlobalSection
	GlobalSection(SolutionProperties) = preSolution
		HideSolutionNode = FALSE
	EndGlobalSection
	GlobalSection(ExtensibilityGlobals) = postSolution
		SolutionGuid = {6F4B4F63-84AB-4CC3-A5FE-0CEE4F4E133E}
	EndGlobalSection
EndGlobal
